
Microsoft Visual Studio Solution File, Format Version 12.00
# Visual Studio Version 16
VisualStudioVersion = 16.0.30717.126
MinimumVisualStudioVersion = 10.0.40219.1
Project("{FAE04EC0-301F-11D3-BF4B-00C04F79EFBC}") = "FileConverter.ConsoleApp", "FileConverter.ConsoleApp\FileConverter.ConsoleApp.csproj", "{B0C804F0-0754-45D5-96E2-A3EC0E9C5477}"
EndProject
Project("{FAE04EC0-301F-11D3-BF4B-00C04F79EFBC}") = "FileConverter.Core", "FileConverter.Core\FileConverter.Core.csproj", "{401E626B-D99F-4093-BF11-69D945A67FD7}"
EndProject
Project("{FAE04EC0-301F-11D3-BF4B-00C04F79EFBC}") = "FileConverter.UnitTests", "FileConverter.UnitTests\FileConverter.UnitTests.csproj", "{B40868F0-98C8-4DE3-A1A3-7E020D39009A}"
EndProject
Project("{FAE04EC0-301F-11D3-BF4B-00C04F79EFBC}") = "FileConverter.IntegrationTests", "FileConverter.IntegrationTests\FileConverter.IntegrationTests.csproj", "{4BC46CD0-94C5-4861-8CCD-B5EDF396718A}"
EndProject
Global
	GlobalSection(SolutionConfigurationPlatforms) = preSolution
		Debug|Any CPU = Debug|Any CPU
		Release|Any CPU = Release|Any CPU
	EndGlobalSection
	GlobalSection(ProjectConfigurationPlatforms) = postSolution
		{B0C804F0-0754-45D5-96E2-A3EC0E9C5477}.Debug|Any CPU.ActiveCfg = Debug|Any CPU
		{B0C804F0-0754-45D5-96E2-A3EC0E9C5477}.Debug|Any CPU.Build.0 = Debug|Any CPU
		{B0C804F0-0754-45D5-96E2-A3EC0E9C5477}.Release|Any CPU.ActiveCfg = Release|Any CPU
		{B0C804F0-0754-45D5-96E2-A3EC0E9C5477}.Release|Any CPU.Build.0 = Release|Any CPU
		{401E626B-D99F-4093-BF11-69D945A67FD7}.Debug|Any CPU.ActiveCfg = Debug|Any CPU
		{401E626B-D99F-4093-BF11-69D945A67FD7}.Debug|Any CPU.Build.0 = Debug|Any CPU
		{401E626B-D99F-4093-BF11-69D945A67FD7}.Release|Any CPU.ActiveCfg = Release|Any CPU
		{401E626B-D99F-4093-BF11-69D945A67FD7}.Release|Any CPU.Build.0 = Release|Any CPU
		{B40868F0-98C8-4DE3-A1A3-7E020D39009A}.Debug|Any CPU.ActiveCfg = Debug|Any CPU
		{B40868F0-98C8-4DE3-A1A3-7E020D39009A}.Debug|Any CPU.Build.0 = Debug|Any CPU
		{B40868F0-98C8-4DE3-A1A3-7E020D39009A}.Release|Any CPU.ActiveCfg = Release|Any CPU
		{B40868F0-98C8-4DE3-A1A3-7E020D39009A}.Release|Any CPU.Build.0 = Release|Any CPU
		{4BC46CD0-94C5-4861-8CCD-B5EDF396718A}.Debug|Any CPU.ActiveCfg = Debug|Any CPU
		{4BC46CD0-94C5-4861-8CCD-B5EDF396718A}.Debug|Any CPU.Build.0 = Debug|Any CPU
		{4BC46CD0-94C5-4861-8CCD-B5EDF396718A}.Release|Any CPU.ActiveCfg = Release|Any CPU
		{4BC46CD0-94C5-4861-8CCD-B5EDF396718A}.Release|Any CPU.Build.0 = Release|Any CPU
	EndGlobalSection
	GlobalSection(SolutionProperties) = preSolution
		HideSolutionNode = FALSE
	EndGlobalSection
	GlobalSection(ExtensibilityGlobals) = postSolution
		SolutionGuid = {34912A0D-43A3-4CBD-8EDC-28F15E49D84C}
	EndGlobalSection
EndGlobal
